
Microsoft Visual Studio Solution File, Format Version 12.00
# Visual Studio Version 16
VisualStudioVersion = 16.0.30611.23
MinimumVisualStudioVersion = 10.0.40219.1
Project("{FAE04EC0-301F-11D3-BF4B-00C04F79EFBC}") = "Final", "Final\Final.csproj", "{630D77BA-809A-4BD9-BD56-57D3252B9287}"
EndProject
Global
	GlobalSection(SolutionConfigurationPlatforms) = preSolution
		Debug|Any CPU = Debug|Any CPU
		Release|Any CPU = Release|Any CPU
	EndGlobalSection
	GlobalSection(ProjectConfigurationPlatforms) = postSolution
		{630D77BA-809A-4BD9-BD56-57D3252B9287}.Debug|Any CPU.ActiveCfg = Debug|Any CPU
		{630D77BA-809A-4BD9-BD56-57D3252B9287}.Debug|Any CPU.Build.0 = Debug|Any CPU
		{630D77BA-809A-4BD9-BD56-57D3252B9287}.Release|Any CPU.ActiveCfg = Release|Any CPU
		{630D77BA-809A-4BD9-BD56-57D3252B9287}.Release|Any CPU.Build.0 = Release|Any CPU
	EndGlobalSection
	GlobalSection(SolutionProperties) = preSolution
		HideSolutionNode = FALSE
	EndGlobalSection
	GlobalSection(ExtensibilityGlobals) = postSolution
		SolutionGuid = {097E808E-06BB-45A8-AF4A-379615765AE8}
	EndGlobalSection
EndGlobal
